// !$*UTF8*$!
{
	archiveVersion = 1;
	classes = {
	};
	objectVersion = 46;
	objects = {

/* Begin PBXBuildFile section */
		3229C3B61EA44F4A0027E1EA /* AppDelegate.swift in Sources */ = {isa = PBXBuildFile; fileRef = 3229C3B51EA44F4A0027E1EA /* AppDelegate.swift */; };
		3229C3BD1EA44F4A0027E1EA /* Assets.xcassets in Resources */ = {isa = PBXBuildFile; fileRef = 3229C3BC1EA44F4A0027E1EA /* Assets.xcassets */; };
		3229C3C01EA44F4A0027E1EA /* LaunchScreen.storyboard in Resources */ = {isa = PBXBuildFile; fileRef = 3229C3BE1EA44F4A0027E1EA /* LaunchScreen.storyboard */; };
		322C47671EA5A17E00430F6D /* CellView.swift in Sources */ = {isa = PBXBuildFile; fileRef = 322C47661EA5A17E00430F6D /* CellView.swift */; };
		322C47691EA5A7A200430F6D /* ViewController.swift in Sources */ = {isa = PBXBuildFile; fileRef = 322C47681EA5A7A200430F6D /* ViewController.swift */; };
		32316F441EA4EA82009B9207 /* circle@2x.png in Resources */ = {isa = PBXBuildFile; fileRef = 32316F431EA4EA82009B9207 /* circle@2x.png */; };
		3293E3B71EA4A4B500E82314 /* Main.storyboard in Resources */ = {isa = PBXBuildFile; fileRef = 3293E3B61EA4A4B500E82314 /* Main.storyboard */; };
		32D1756B1EA4511500FC68C9 /* JTAppleCalendar.framework in Frameworks */ = {isa = PBXBuildFile; fileRef = 32D1756A1EA4511500FC68C9 /* JTAppleCalendar.framework */; };
/* End PBXBuildFile section */

/* Begin PBXFileReference section */
		3229C3B21EA44F4A0027E1EA /* CalendarSample.app */ = {isa = PBXFileReference; explicitFileType = wrapper.application; includeInIndex = 0; path = CalendarSample.app; sourceTree = BUILT_PRODUCTS_DIR; };
		3229C3B51EA44F4A0027E1EA /* AppDelegate.swift */ = {isa = PBXFileReference; lastKnownFileType = sourcecode.swift; path = AppDelegate.swift; sourceTree = "<group>"; };
		3229C3BC1EA44F4A0027E1EA /* Assets.xcassets */ = {isa = PBXFileReference; lastKnownFileType = folder.assetcatalog; path = Assets.xcassets; sourceTree = "<group>"; };
		3229C3BF1EA44F4A0027E1EA /* Base */ = {isa = PBXFileReference; lastKnownFileType = file.storyboard; name = Base; path = Base.lproj/LaunchScreen.storyboard; sourceTree = "<group>"; };
		3229C3C11EA44F4A0027E1EA /* Info.plist */ = {isa = PBXFileReference; lastKnownFileType = text.plist.xml; path = Info.plist; sourceTree = "<group>"; };
		322C47661EA5A17E00430F6D /* CellView.swift */ = {isa = PBXFileReference; fileEncoding = 4; lastKnownFileType = sourcecode.swift; path = CellView.swift; sourceTree = "<group>"; };
		322C47681EA5A7A200430F6D /* ViewController.swift */ = {isa = PBXFileReference; fileEncoding = 4; lastKnownFileType = sourcecode.swift; path = ViewController.swift; sourceTree = "<group>"; };
		32316F431EA4EA82009B9207 /* circle@2x.png */ = {isa = PBXFileReference; lastKnownFileType = image.png; path = "circle@2x.png"; sourceTree = "<group>"; };
		3293E3B61EA4A4B500E82314 /* Main.storyboard */ = {isa = PBXFileReference; fileEncoding = 4; lastKnownFileType = file.storyboard; path = Main.storyboard; sourceTree = "<group>"; };
		32D1756A1EA4511500FC68C9 /* JTAppleCalendar.framework */ = {isa = PBXFileReference; lastKnownFileType = wrapper.framework; name = JTAppleCalendar.framework; path = CalendarSample/Carthage/Build/iOS/JTAppleCalendar.framework; sourceTree = "<group>"; };
/* End PBXFileReference section */

/* Begin PBXFrameworksBuildPhase section */
		3229C3AF1EA44F4A0027E1EA /* Frameworks */ = {
			isa = PBXFrameworksBuildPhase;
			buildActionMask = 2147483647;
			files = (
				32D1756B1EA4511500FC68C9 /* JTAppleCalendar.framework in Frameworks */,
			);
			runOnlyForDeploymentPostprocessing = 0;
		};
/* End PBXFrameworksBuildPhase section */

/* Begin PBXGroup section */
		3229C3A91EA44F4A0027E1EA = {
			isa = PBXGroup;
			children = (
				3229C3B41EA44F4A0027E1EA /* CalendarSample */,
				3229C3B31EA44F4A0027E1EA /* Products */,
				32D175691EA4511500FC68C9 /* Frameworks */,
			);
			sourceTree = "<group>";
		};
		3229C3B31EA44F4A0027E1EA /* Products */ = {
			isa = PBXGroup;
			children = (
				3229C3B21EA44F4A0027E1EA /* CalendarSample.app */,
			);
			name = Products;
			sourceTree = "<group>";
		};
		3229C3B41EA44F4A0027E1EA /* CalendarSample */ = {
			isa = PBXGroup;
			children = (
				32316F451EA5995B009B9207 /* Images */,
				3229C3B51EA44F4A0027E1EA /* AppDelegate.swift */,
				322C47681EA5A7A200430F6D /* ViewController.swift */,
				322C47661EA5A17E00430F6D /* CellView.swift */,
				3229C3BC1EA44F4A0027E1EA /* Assets.xcassets */,
				3293E3B61EA4A4B500E82314 /* Main.storyboard */,
				3229C3BE1EA44F4A0027E1EA /* LaunchScreen.storyboard */,
				3229C3C11EA44F4A0027E1EA /* Info.plist */,
			);
			path = CalendarSample;
			sourceTree = "<group>";
		};
		32316F451EA5995B009B9207 /* Images */ = {
			isa = PBXGroup;
			children = (
				32316F431EA4EA82009B9207 /* circle@2x.png */,
			);
			name = Images;
			sourceTree = "<group>";
		};
		32D175691EA4511500FC68C9 /* Frameworks */ = {
			isa = PBXGroup;
			children = (
				32D1756A1EA4511500FC68C9 /* JTAppleCalendar.framework */,
			);
			name = Frameworks;
			sourceTree = "<group>";
		};
/* End PBXGroup section */

/* Begin PBXNativeTarget section */
		3229C3B11EA44F4A0027E1EA /* CalendarSample */ = {
			isa = PBXNativeTarget;
			buildConfigurationList = 3229C3C41EA44F4A0027E1EA /* Build configuration list for PBXNativeTarget "CalendarSample" */;
			buildPhases = (
				3229C3AE1EA44F4A0027E1EA /* Sources */,
				3229C3AF1EA44F4A0027E1EA /* Frameworks */,
				3229C3B01EA44F4A0027E1EA /* Resources */,
				32D1756C1EA4513500FC68C9 /* ShellScript */,
			);
			buildRules = (
			);
			dependencies = (
			);
			name = CalendarSample;
			productName = CalendarSample;
			productReference = 3229C3B21EA44F4A0027E1EA /* CalendarSample.app */;
			productType = "com.apple.product-type.application";
		};
/* End PBXNativeTarget section */

/* Begin PBXProject section */
		3229C3AA1EA44F4A0027E1EA /* Project object */ = {
			isa = PBXProject;
			attributes = {
				LastSwiftUpdateCheck = 0830;
				LastUpgradeCheck = 0830;
				ORGANIZATIONNAME = "T@d";
				TargetAttributes = {
					3229C3B11EA44F4A0027E1EA = {
						CreatedOnToolsVersion = 8.3.1;
						DevelopmentTeam = LPMD2DMU36;
						ProvisioningStyle = Automatic;
					};
				};
			};
			buildConfigurationList = 3229C3AD1EA44F4A0027E1EA /* Build configuration list for PBXProject "CalendarSample" */;
			compatibilityVersion = "Xcode 3.2";
			developmentRegion = English;
			hasScannedForEncodings = 0;
			knownRegions = (
				en,
				Base,
			);
			mainGroup = 3229C3A91EA44F4A0027E1EA;
			productRefGroup = 3229C3B31EA44F4A0027E1EA /* Products */;
			projectDirPath = "";
			projectRoot = "";
			targets = (
				3229C3B11EA44F4A0027E1EA /* CalendarSample */,
			);
		};
/* End PBXProject section */

/* Begin PBXResourcesBuildPhase section */
		3229C3B01EA44F4A0027E1EA /* Resources */ = {
			isa = PBXResourcesBuildPhase;
			buildActionMask = 2147483647;
			files = (
				3229C3C01EA44F4A0027E1EA /* LaunchScreen.storyboard in Resources */,
				3293E3B71EA4A4B500E82314 /* Main.storyboard in Resources */,
				32316F441EA4EA82009B9207 /* circle@2x.png in Resources */,
				3229C3BD1EA44F4A0027E1EA /* Assets.xcassets in Resources */,
			);
			runOnlyForDeploymentPostprocessing = 0;
		};
/* End PBXResourcesBuildPhase section */

/* Begin PBXShellScriptBuildPhase section */
		32D1756C1EA4513500FC68C9 /* ShellScript */ = {
			isa = PBXShellScriptBuildPhase;
			buildActionMask = 2147483647;
			files = (
			);
			inputPaths = (
				"$(SRCROOT)/CalendarSample/Carthage/Build/iOS/JTAppleCalendar.framework",
			);
			outputPaths = (
			);
			runOnlyForDeploymentPostprocessing = 0;
			shellPath = /bin/sh;
			shellScript = "/usr/local/bin/carthage copy-frameworks";
		};
/* End PBXShellScriptBuildPhase section */

/* Begin PBXSourcesBuildPhase section */
		3229C3AE1EA44F4A0027E1EA /* Sources */ = {
			isa = PBXSourcesBuildPhase;
			buildActionMask = 2147483647;
			files = (
				322C47671EA5A17E00430F6D /* CellView.swift in Sources */,
				3229C3B61EA44F4A0027E1EA /* AppDelegate.swift in Sources */,
				322C47691EA5A7A200430F6D /* ViewController.swift in Sources */,
			);
			runOnlyForDeploymentPostprocessing = 0;
		};
/* End PBXSourcesBuildPhase section */

/* Begin PBXVariantGroup section */
		3229C3BE1EA44F4A0027E1EA /* LaunchScreen.storyboard */ = {
			isa = PBXVariantGroup;
			children = (
				3229C3BF1EA44F4A0027E1EA /* Base */,
			);
			name = LaunchScreen.storyboard;
			sourceTree = "<group>";
		};
/* End PBXVariantGroup section */

/* Begin XCBuildConfiguration section */
		3229C3C21EA44F4A0027E1EA /* Debug */ = {
			isa = XCBuildConfiguration;
			buildSettings = {
				ALWAYS_SEARCH_USER_PATHS = NO;
				CLANG_ANALYZER_NONNULL = YES;
				CLANG_ANALYZER_NUMBER_OBJECT_CONVERSION = YES_AGGRESSIVE;
				CLANG_CXX_LANGUAGE_STANDARD = "gnu++0x";
				CLANG_CXX_LIBRARY = "libc++";
				CLANG_ENABLE_MODULES = YES;
				CLANG_ENABLE_OBJC_ARC = YES;
				CLANG_WARN_BOOL_CONVERSION = YES;
				CLANG_WARN_CONSTANT_CONVERSION = YES;
				CLANG_WARN_DIRECT_OBJC_ISA_USAGE = YES_ERROR;
				CLANG_WARN_DOCUMENTATION_COMMENTS = YES;
				CLANG_WARN_EMPTY_BODY = YES;
				CLANG_WARN_ENUM_CONVERSION = YES;
				CLANG_WARN_INFINITE_RECURSION = YES;
				CLANG_WARN_INT_CONVERSION = YES;
				CLANG_WARN_OBJC_ROOT_CLASS = YES_ERROR;
				CLANG_WARN_SUSPICIOUS_MOVE = YES;
				CLANG_WARN_UNREACHABLE_CODE = YES;
				CLANG_WARN__DUPLICATE_METHOD_MATCH = YES;
				"CODE_SIGN_IDENTITY[sdk=iphoneos*]" = "iPhone Developer";
				COPY_PHASE_STRIP = NO;
				DEBUG_INFORMATION_FORMAT = dwarf;
				ENABLE_STRICT_OBJC_MSGSEND = YES;
				ENABLE_TESTABILITY = YES;
				GCC_C_LANGUAGE_STANDARD = gnu99;
				GCC_DYNAMIC_NO_PIC = NO;
				GCC_NO_COMMON_BLOCKS = YES;
				GCC_OPTIMIZATION_LEVEL = 0;
				GCC_PREPROCESSOR_DEFINITIONS = (
					"DEBUG=1",
					"$(inherited)",
				);
				GCC_WARN_64_TO_32_BIT_CONVERSION = YES;
				GCC_WARN_ABOUT_RETURN_TYPE = YES_ERROR;
				GCC_WARN_UNDECLARED_SELECTOR = YES;
				GCC_WARN_UNINITIALIZED_AUTOS = YES_AGGRESSIVE;
				GCC_WARN_UNUSED_FUNCTION = YES;
				GCC_WARN_UNUSED_VARIABLE = YES;
				IPHONEOS_DEPLOYMENT_TARGET = 10.3;
				MTL_ENABLE_DEBUG_INFO = YES;
				ONLY_ACTIVE_ARCH = YES;
				SDKROOT = iphoneos;
				SWIFT_ACTIVE_COMPILATION_CONDITIONS = DEBUG;
				SWIFT_OPTIMIZATION_LEVEL = "-Onone";
			};
			name = Debug;
		};
		3229C3C31EA44F4A0027E1EA /* Release */ = {
			isa = XCBuildConfiguration;
			buildSettings = {
				ALWAYS_SEARCH_USER_PATHS = NO;
				CLANG_ANALYZER_NONNULL = YES;
				CLANG_ANALYZER_NUMBER_OBJECT_CONVERSION = YES_AGGRESSIVE;
				CLANG_CXX_LANGUAGE_STANDARD = "gnu++0x";
				CLANG_CXX_LIBRARY = "libc++";
				CLANG_ENABLE_MODULES = YES;
				CLANG_ENABLE_OBJC_ARC = YES;
				CLANG_WARN_BOOL_CONVERSION = YES;
				CLANG_WARN_CONSTANT_CONVERSION = YES;
				CLANG_WARN_DIRECT_OBJC_ISA_USAGE = YES_ERROR;
				CLANG_WARN_DOCUMENTATION_COMMENTS = YES;
				CLANG_WARN_EMPTY_BODY = YES;
				CLANG_WARN_ENUM_CONVERSION = YES;
				CLANG_WARN_INFINITE_RECURSION = YES;
				CLANG_WARN_INT_CONVERSION = YES;
				CLANG_WARN_OBJC_ROOT_CLASS = YES_ERROR;
				CLANG_WARN_SUSPICIOUS_MOVE = YES;
				CLANG_WARN_UNREACHABLE_CODE = YES;
				CLANG_WARN__DUPLICATE_METHOD_MATCH = YES;
				"CODE_SIGN_IDENTITY[sdk=iphoneos*]" = "iPhone Developer";
				COPY_PHASE_STRIP = NO;
				DEBUG_INFORMATION_FORMAT = "dwarf-with-dsym";
				ENABLE_NS_ASSERTIONS = NO;
				ENABLE_STRICT_OBJC_MSGSEND = YES;
				GCC_C_LANGUAGE_STANDARD = gnu99;
				GCC_NO_COMMON_BLOCKS = YES;
				GCC_WARN_64_TO_32_BIT_CONVERSION = YES;
				GCC_WARN_ABOUT_RETURN_TYPE = YES_ERROR;
				GCC_WARN_UNDECLARED_SELECTOR = YES;
				GCC_WARN_UNINITIALIZED_AUTOS = YES_AGGRESSIVE;
				GCC_WARN_UNUSED_FUNCTION = YES;
				GCC_WARN_UNUSED_VARIABLE = YES;
				IPHONEOS_DEPLOYMENT_TARGET = 10.3;
				MTL_ENABLE_DEBUG_INFO = NO;
				SDKROOT = iphoneos;
				SWIFT_OPTIMIZATION_LEVEL = "-Owholemodule";
				VALIDATE_PRODUCT = YES;
			};
			name = Release;
		};
		3229C3C51EA44F4A0027E1EA /* Debug */ = {
			isa = XCBuildConfiguration;
			buildSettings = {
				ASSETCATALOG_COMPILER_APPICON_NAME = AppIcon;
				DEVELOPMENT_TEAM = LPMD2DMU36;
				FRAMEWORK_SEARCH_PATHS = (
					"$(inherited)",
					"$(PROJECT_DIR)/CalendarSample/Carthage/Build/iOS",
				);
				INFOPLIST_FILE = CalendarSample/Info.plist;
				LD_RUNPATH_SEARCH_PATHS = "$(inherited) @executable_path/Frameworks";
				PRODUCT_BUNDLE_IDENTIFIER = fm.blunder.CalendarSample;
				PRODUCT_NAME = "$(TARGET_NAME)";
				SWIFT_VERSION = 3.0;
			};
			name = Debug;
		};
		3229C3C61EA44F4A0027E1EA /* Release */ = {
			isa = XCBuildConfiguration;
			buildSettings = {
				ASSETCATALOG_COMPILER_APPICON_NAME = AppIcon;
				DEVELOPMENT_TEAM = LPMD2DMU36;
				FRAMEWORK_SEARCH_PATHS = (
					"$(inherited)",
					"$(PROJECT_DIR)/CalendarSample/Carthage/Build/iOS",
				);
				INFOPLIST_FILE = CalendarSample/Info.plist;
				LD_RUNPATH_SEARCH_PATHS = "$(inherited) @executable_path/Frameworks";
				PRODUCT_BUNDLE_IDENTIFIER = fm.blunder.CalendarSample;
				PRODUCT_NAME = "$(TARGET_NAME)";
				SWIFT_VERSION = 3.0;
			};
			name = Release;
		};
/* End XCBuildConfiguration section */

/* Begin XCConfigurationList section */
		3229C3AD1EA44F4A0027E1EA /* Build configuration list for PBXProject "CalendarSample" */ = {
			isa = XCConfigurationList;
			buildConfigurations = (
				3229C3C21EA44F4A0027E1EA /* Debug */,
				3229C3C31EA44F4A0027E1EA /* Release */,
			);
			defaultConfigurationIsVisible = 0;
			defaultConfigurationName = Release;
		};
		3229C3C41EA44F4A0027E1EA /* Build configuration list for PBXNativeTarget "CalendarSample" */ = {
			isa = XCConfigurationList;
			buildConfigurations = (
				3229C3C51EA44F4A0027E1EA /* Debug */,
				3229C3C61EA44F4A0027E1EA /* Release */,
			);
			defaultConfigurationIsVisible = 0;
			defaultConfigurationName = Release;
		};
/* End XCConfigurationList section */
	};
	rootObject = 3229C3AA1EA44F4A0027E1EA /* Project object */;
}
